
Microsoft Visual Studio Solution File, Format Version 12.00
# Visual Studio Version 17
VisualStudioVersion = 17.8.34309.116
MinimumVisualStudioVersion = 10.0.40219.1
Project("{9A19103F-16F7-4668-BE54-9A1E7A4F7556}") = "WasmDemo.Client", "WasmDemo.Client\WasmDemo.Client.csproj", "{74040745-697E-49ED-80ED-769CF2CF4E9C}"
EndProject
Project("{9A19103F-16F7-4668-BE54-9A1E7A4F7556}") = "WasmDemo.Api", "WasmDemo.Api\WasmDemo.Api.csproj", "{6A3F18CB-BAD3-4EF0-83D7-0379B885F426}"
EndProject
Project("{9A19103F-16F7-4668-BE54-9A1E7A4F7556}") = "WasmDemo.Shared", "WasmDemo.Shared\WasmDemo.Shared.csproj", "{EC76CF13-EC52-4D72-A829-9E54B858C95B}"
EndProject
Global
	GlobalSection(SolutionConfigurationPlatforms) = preSolution
		Debug|Any CPU = Debug|Any CPU
		Release|Any CPU = Release|Any CPU
	EndGlobalSection
	GlobalSection(ProjectConfigurationPlatforms) = postSolution
		{74040745-697E-49ED-80ED-769CF2CF4E9C}.Debug|Any CPU.ActiveCfg = Debug|Any CPU
		{74040745-697E-49ED-80ED-769CF2CF4E9C}.Debug|Any CPU.Build.0 = Debug|Any CPU
		{74040745-697E-49ED-80ED-769CF2CF4E9C}.Release|Any CPU.ActiveCfg = Release|Any CPU
		{74040745-697E-49ED-80ED-769CF2CF4E9C}.Release|Any CPU.Build.0 = Release|Any CPU
		{6A3F18CB-BAD3-4EF0-83D7-0379B885F426}.Debug|Any CPU.ActiveCfg = Debug|Any CPU
		{6A3F18CB-BAD3-4EF0-83D7-0379B885F426}.Debug|Any CPU.Build.0 = Debug|Any CPU
		{6A3F18CB-BAD3-4EF0-83D7-0379B885F426}.Release|Any CPU.ActiveCfg = Release|Any CPU
		{6A3F18CB-BAD3-4EF0-83D7-0379B885F426}.Release|Any CPU.Build.0 = Release|Any CPU
		{EC76CF13-EC52-4D72-A829-9E54B858C95B}.Debug|Any CPU.ActiveCfg = Debug|Any CPU
		{EC76CF13-EC52-4D72-A829-9E54B858C95B}.Debug|Any CPU.Build.0 = Debug|Any CPU
		{EC76CF13-EC52-4D72-A829-9E54B858C95B}.Release|Any CPU.ActiveCfg = Release|Any CPU
		{EC76CF13-EC52-4D72-A829-9E54B858C95B}.Release|Any CPU.Build.0 = Release|Any CPU
	EndGlobalSection
	GlobalSection(SolutionProperties) = preSolution
		HideSolutionNode = FALSE
	EndGlobalSection
	GlobalSection(ExtensibilityGlobals) = postSolution
		SolutionGuid = {EB75A22F-D804-4D25-83DA-80D2AE6E8EE3}
	EndGlobalSection
EndGlobal
